
Microsoft Visual Studio Solution File, Format Version 12.00
# Visual Studio 15
VisualStudioVersion = 15.0.27130.2026
MinimumVisualStudioVersion = 10.0.40219.1
Project("{FAE04EC0-301F-11D3-BF4B-00C04F79EFBC}") = "Lab4.1", "Lab4.1\Lab4.1.csproj", "{817991F6-9CAD-48CE-BE11-5D3417656FA6}"
EndProject
Project("{FAE04EC0-301F-11D3-BF4B-00C04F79EFBC}") = "Lab4.2", "Lab4.2\Lab4.2.csproj", "{4A61BA0A-6ECC-460E-9AFC-C8E2D7C7D44D}"
EndProject
Global
	GlobalSection(SolutionConfigurationPlatforms) = preSolution
		Debug|Any CPU = Debug|Any CPU
		Release|Any CPU = Release|Any CPU
	EndGlobalSection
	GlobalSection(ProjectConfigurationPlatforms) = postSolution
		{817991F6-9CAD-48CE-BE11-5D3417656FA6}.Debug|Any CPU.ActiveCfg = Debug|Any CPU
		{817991F6-9CAD-48CE-BE11-5D3417656FA6}.Debug|Any CPU.Build.0 = Debug|Any CPU
		{817991F6-9CAD-48CE-BE11-5D3417656FA6}.Release|Any CPU.ActiveCfg = Release|Any CPU
		{817991F6-9CAD-48CE-BE11-5D3417656FA6}.Release|Any CPU.Build.0 = Release|Any CPU
		{4A61BA0A-6ECC-460E-9AFC-C8E2D7C7D44D}.Debug|Any CPU.ActiveCfg = Debug|Any CPU
		{4A61BA0A-6ECC-460E-9AFC-C8E2D7C7D44D}.Debug|Any CPU.Build.0 = Debug|Any CPU
		{4A61BA0A-6ECC-460E-9AFC-C8E2D7C7D44D}.Release|Any CPU.ActiveCfg = Release|Any CPU
		{4A61BA0A-6ECC-460E-9AFC-C8E2D7C7D44D}.Release|Any CPU.Build.0 = Release|Any CPU
	EndGlobalSection
	GlobalSection(SolutionProperties) = preSolution
		HideSolutionNode = FALSE
	EndGlobalSection
	GlobalSection(ExtensibilityGlobals) = postSolution
		SolutionGuid = {47259004-5615-45EA-957B-63D69C929652}
	EndGlobalSection
EndGlobal
