
Microsoft Visual Studio Solution File, Format Version 12.00
# Visual Studio 15
VisualStudioVersion = 15.0.27130.2026
MinimumVisualStudioVersion = 10.0.40219.1
Project("{FAE04EC0-301F-11D3-BF4B-00C04F79EFBC}") = "Lab5.1", "Lab5.1\Lab5.1.csproj", "{2BEBBD2A-B1EF-490C-894B-746945A2502A}"
EndProject
Project("{FAE04EC0-301F-11D3-BF4B-00C04F79EFBC}") = "Lab5.2", "Lab5.2\Lab5.2.csproj", "{EA64CAB4-C2C2-4B62-849E-58461AC50046}"
EndProject
Global
	GlobalSection(SolutionConfigurationPlatforms) = preSolution
		Debug|Any CPU = Debug|Any CPU
		Release|Any CPU = Release|Any CPU
	EndGlobalSection
	GlobalSection(ProjectConfigurationPlatforms) = postSolution
		{2BEBBD2A-B1EF-490C-894B-746945A2502A}.Debug|Any CPU.ActiveCfg = Debug|Any CPU
		{2BEBBD2A-B1EF-490C-894B-746945A2502A}.Debug|Any CPU.Build.0 = Debug|Any CPU
		{2BEBBD2A-B1EF-490C-894B-746945A2502A}.Release|Any CPU.ActiveCfg = Release|Any CPU
		{2BEBBD2A-B1EF-490C-894B-746945A2502A}.Release|Any CPU.Build.0 = Release|Any CPU
		{EA64CAB4-C2C2-4B62-849E-58461AC50046}.Debug|Any CPU.ActiveCfg = Debug|Any CPU
		{EA64CAB4-C2C2-4B62-849E-58461AC50046}.Debug|Any CPU.Build.0 = Debug|Any CPU
		{EA64CAB4-C2C2-4B62-849E-58461AC50046}.Release|Any CPU.ActiveCfg = Release|Any CPU
		{EA64CAB4-C2C2-4B62-849E-58461AC50046}.Release|Any CPU.Build.0 = Release|Any CPU
	EndGlobalSection
	GlobalSection(SolutionProperties) = preSolution
		HideSolutionNode = FALSE
	EndGlobalSection
	GlobalSection(ExtensibilityGlobals) = postSolution
		SolutionGuid = {0E58F2BB-3177-47E7-8E08-5BCDF35CFC9D}
	EndGlobalSection
EndGlobal
