
Microsoft Visual Studio Solution File, Format Version 12.00
# Visual Studio 15
VisualStudioVersion = 15.0.27130.2026
MinimumVisualStudioVersion = 10.0.40219.1
Project("{FAE04EC0-301F-11D3-BF4B-00C04F79EFBC}") = "Lab2.1", "Lab2(Patterns)\Lab2.1.csproj", "{78DB1159-5224-4D4E-8F40-B0282343CAAC}"
EndProject
Project("{FAE04EC0-301F-11D3-BF4B-00C04F79EFBC}") = "Lab2.2", "Lab2.2\Lab2.2.csproj", "{A42A4E8C-9FBF-492A-BD5E-881EF650BB21}"
EndProject
Global
	GlobalSection(SolutionConfigurationPlatforms) = preSolution
		Debug|Any CPU = Debug|Any CPU
		Release|Any CPU = Release|Any CPU
	EndGlobalSection
	GlobalSection(ProjectConfigurationPlatforms) = postSolution
		{78DB1159-5224-4D4E-8F40-B0282343CAAC}.Debug|Any CPU.ActiveCfg = Debug|Any CPU
		{78DB1159-5224-4D4E-8F40-B0282343CAAC}.Debug|Any CPU.Build.0 = Debug|Any CPU
		{78DB1159-5224-4D4E-8F40-B0282343CAAC}.Release|Any CPU.ActiveCfg = Release|Any CPU
		{78DB1159-5224-4D4E-8F40-B0282343CAAC}.Release|Any CPU.Build.0 = Release|Any CPU
		{A42A4E8C-9FBF-492A-BD5E-881EF650BB21}.Debug|Any CPU.ActiveCfg = Debug|Any CPU
		{A42A4E8C-9FBF-492A-BD5E-881EF650BB21}.Debug|Any CPU.Build.0 = Debug|Any CPU
		{A42A4E8C-9FBF-492A-BD5E-881EF650BB21}.Release|Any CPU.ActiveCfg = Release|Any CPU
		{A42A4E8C-9FBF-492A-BD5E-881EF650BB21}.Release|Any CPU.Build.0 = Release|Any CPU
	EndGlobalSection
	GlobalSection(SolutionProperties) = preSolution
		HideSolutionNode = FALSE
	EndGlobalSection
	GlobalSection(ExtensibilityGlobals) = postSolution
		SolutionGuid = {0C4A255B-38D4-4729-96ED-5B4CCA760E10}
	EndGlobalSection
EndGlobal
