
Microsoft Visual Studio Solution File, Format Version 12.00
# Visual Studio 15
VisualStudioVersion = 15.0.27130.2026
MinimumVisualStudioVersion = 10.0.40219.1
Project("{FAE04EC0-301F-11D3-BF4B-00C04F79EFBC}") = "Lab1.1", "Lab1.1\Lab1.1.csproj", "{991A6C2C-EDE7-4F9C-BC5E-8A0F0025A154}"
EndProject
Project("{FAE04EC0-301F-11D3-BF4B-00C04F79EFBC}") = "Lab1.2", "Lab1.2\Lab1.2.csproj", "{743FD876-573D-42B0-B712-2236E79F8DEF}"
EndProject
Global
	GlobalSection(SolutionConfigurationPlatforms) = preSolution
		Debug|Any CPU = Debug|Any CPU
		Release|Any CPU = Release|Any CPU
	EndGlobalSection
	GlobalSection(ProjectConfigurationPlatforms) = postSolution
		{991A6C2C-EDE7-4F9C-BC5E-8A0F0025A154}.Debug|Any CPU.ActiveCfg = Debug|Any CPU
		{991A6C2C-EDE7-4F9C-BC5E-8A0F0025A154}.Debug|Any CPU.Build.0 = Debug|Any CPU
		{991A6C2C-EDE7-4F9C-BC5E-8A0F0025A154}.Release|Any CPU.ActiveCfg = Release|Any CPU
		{991A6C2C-EDE7-4F9C-BC5E-8A0F0025A154}.Release|Any CPU.Build.0 = Release|Any CPU
		{743FD876-573D-42B0-B712-2236E79F8DEF}.Debug|Any CPU.ActiveCfg = Debug|Any CPU
		{743FD876-573D-42B0-B712-2236E79F8DEF}.Debug|Any CPU.Build.0 = Debug|Any CPU
		{743FD876-573D-42B0-B712-2236E79F8DEF}.Release|Any CPU.ActiveCfg = Release|Any CPU
		{743FD876-573D-42B0-B712-2236E79F8DEF}.Release|Any CPU.Build.0 = Release|Any CPU
	EndGlobalSection
	GlobalSection(SolutionProperties) = preSolution
		HideSolutionNode = FALSE
	EndGlobalSection
	GlobalSection(ExtensibilityGlobals) = postSolution
		SolutionGuid = {3E25805E-9D00-4D41-BCF6-511E047F68A7}
	EndGlobalSection
EndGlobal
